
Microsoft Visual Studio Solution File, Format Version 12.00
# Visual Studio Version 18
VisualStudioVersion = 18.4.11620.152 stable
MinimumVisualStudioVersion = 10.0.40219.1
Project("{FAE04EC0-301F-11D3-BF4B-00C04F79EFBC}") = "JapaneseArchitecture", "JapaneseArchitecture.csproj", "{410A8785-92A3-AB91-0A54-7BF287E705A7}"
EndProject
Global
	GlobalSection(SolutionConfigurationPlatforms) = preSolution
		Debug|Any CPU = Debug|Any CPU
		Release|Any CPU = Release|Any CPU
	EndGlobalSection
	GlobalSection(ProjectConfigurationPlatforms) = postSolution
		{410A8785-92A3-AB91-0A54-7BF287E705A7}.Debug|Any CPU.ActiveCfg = Debug|Any CPU
		{410A8785-92A3-AB91-0A54-7BF287E705A7}.Debug|Any CPU.Build.0 = Debug|Any CPU
		{410A8785-92A3-AB91-0A54-7BF287E705A7}.Release|Any CPU.ActiveCfg = Release|Any CPU
		{410A8785-92A3-AB91-0A54-7BF287E705A7}.Release|Any CPU.Build.0 = Release|Any CPU
	EndGlobalSection
	GlobalSection(SolutionProperties) = preSolution
		HideSolutionNode = FALSE
	EndGlobalSection
	GlobalSection(ExtensibilityGlobals) = postSolution
		SolutionGuid = {AAB78C36-583E-4121-B243-322EC029F1F2}
	EndGlobalSection
EndGlobal
